Microsoft Visual Studio Solution File, Format Version 11.00
# Visual Studio 2008

Project("{A7DD12B1-DAB1-7D25-467B-0B0A4C8D4A92}") = "show", "Assembly-CSharp-firstpass.csproj", "{6216ADEA-2EDF-EEF0-3A39-9C29BE33D66B}"
EndProject
Project("{A7DD12B1-DAB1-7D25-467B-0B0A4C8D4A92}") = "show", "Assembly-CSharp.csproj", "{8EEB1831-E387-94B4-B66E-98D178F49C69}"
EndProject
Project("{A7DD12B1-DAB1-7D25-467B-0B0A4C8D4A92}") = "show", "Assembly-CSharp-Editor.csproj", "{F891156D-57C0-CB09-4484-690619F72CDB}"
EndProject
Project("{A7DD12B1-DAB1-7D25-467B-0B0A4C8D4A92}") = "show", "Assembly-UnityScript.unityproj", "{9A48DEE9-503B-422E-A8DA-9E7BB237BAAE}"
EndProject
Global
	GlobalSection(SolutionConfigurationPlatforms) = preSolution
		Debug|Any CPU = Debug|Any CPU
		Release|Any CPU = Release|Any CPU
	EndGlobalSection
	GlobalSection(ProjectConfigurationPlatforms) = postSolution
		{6216ADEA-2EDF-EEF0-3A39-9C29BE33D66B}.Debug|Any CPU.ActiveCfg = Debug|Any CPU
		{6216ADEA-2EDF-EEF0-3A39-9C29BE33D66B}.Debug|Any CPU.Build.0 = Debug|Any CPU
		{6216ADEA-2EDF-EEF0-3A39-9C29BE33D66B}.Release|Any CPU.ActiveCfg = Release|Any CPU
		{6216ADEA-2EDF-EEF0-3A39-9C29BE33D66B}.Release|Any CPU.Build.0 = Release|Any CPU
		{8EEB1831-E387-94B4-B66E-98D178F49C69}.Debug|Any CPU.ActiveCfg = Debug|Any CPU
		{8EEB1831-E387-94B4-B66E-98D178F49C69}.Debug|Any CPU.Build.0 = Debug|Any CPU
		{8EEB1831-E387-94B4-B66E-98D178F49C69}.Release|Any CPU.ActiveCfg = Release|Any CPU
		{8EEB1831-E387-94B4-B66E-98D178F49C69}.Release|Any CPU.Build.0 = Release|Any CPU
		{F891156D-57C0-CB09-4484-690619F72CDB}.Debug|Any CPU.ActiveCfg = Debug|Any CPU
		{F891156D-57C0-CB09-4484-690619F72CDB}.Debug|Any CPU.Build.0 = Debug|Any CPU
		{F891156D-57C0-CB09-4484-690619F72CDB}.Release|Any CPU.ActiveCfg = Release|Any CPU
		{F891156D-57C0-CB09-4484-690619F72CDB}.Release|Any CPU.Build.0 = Release|Any CPU
		{9A48DEE9-503B-422E-A8DA-9E7BB237BAAE}.Debug|Any CPU.ActiveCfg = Debug|Any CPU
		{9A48DEE9-503B-422E-A8DA-9E7BB237BAAE}.Debug|Any CPU.Build.0 = Debug|Any CPU
		{9A48DEE9-503B-422E-A8DA-9E7BB237BAAE}.Release|Any CPU.ActiveCfg = Release|Any CPU
		{9A48DEE9-503B-422E-A8DA-9E7BB237BAAE}.Release|Any CPU.Build.0 = Release|Any CPU
	EndGlobalSection
	GlobalSection(SolutionProperties) = preSolution
		HideSolutionNode = FALSE
	EndGlobalSection
		GlobalSection(MonoDevelopProperties) = preSolution
		StartupItem = Assembly-CSharp.csproj
		Policies = $0
		$0.TextStylePolicy = $1
		$1.inheritsSet = null
		$1.scope = text/x-csharp
		$0.CSharpFormattingPolicy = $2
		$2.inheritsSet = Mono
		$2.inheritsScope = text/x-csharp
		$2.scope = text/x-csharp
		$0.TextStylePolicy = $3
		$3.FileWidth = 120
		$3.TabWidth = 4
		$3.IndentWidth = 4
		$3.EolMarker = Unix
		$3.inheritsSet = Mono
		$3.inheritsScope = text/plain
		$3.scope = text/plain
	EndGlobalSection

EndGlobal
